Microsoft Visual Studio Solution File, Format Version 12.00
# Visual Studio Version 18
VisualStudioVersion = 18.2.11415.280
MinimumVisualStudioVersion = 10.0.40219.1
Project("{FAE04EC0-301F-11D3-BF4B-00C04F79EFBC}") = "CoreRipperX.Core", "CoreRipperX.Core\CoreRipperX.Core.csproj", "{5C6F8FBA-52C8-4147-8162-9AC28287C8EC}"
EndProject
Project("{FAE04EC0-301F-11D3-BF4B-00C04F79EFBC}") = "CoreRipperX.UI", "CoreRipperX.UI\CoreRipperX.UI.csproj", "{EBA3EEDE-F11A-461D-BA67-C80D26CF5E83}"
EndProject
Project("{FAE04EC0-301F-11D3-BF4B-00C04F79EFBC}") = "LibreHardwareMonitorLib", "shims\LibreHardwareMonitorLib.csproj", "{E6CAD0F5-07F5-0853-B4DF-9783C7027198}"
EndProject
Project("{FAE04EC0-301F-11D3-BF4B-00C04F79EFBC}") = "CapFrameX.Extensions", "shims\CapFrameX.Extensions\CapFrameX.Extensions.csproj", "{A4559B99-7FCB-40EF-BF97-D293A2B7D6D3}"
EndProject
Project("{FAE04EC0-301F-11D3-BF4B-00C04F79EFBC}") = "CapFrameX.Monitoring.Contracts", "shims\CapFrameX.Monitoring.Contracts\CapFrameX.Monitoring.Contracts.csproj", "{2F0D1227-BE4F-4501-B3A2-66A753ED742C}"
EndProject
Project("{8BC9CEB8-8B4A-11D0-8D11-00A0C91BC942}") = "CapFrameX.Hwinfo", "reference\CapFrameX\source\CapFrameX.Hwinfo\CapFrameX.Hwinfo.vcxproj", "{7158F27F-0F57-4216-A6EA-04FA24EFDDDF}"
EndProject
Global
	GlobalSection(SolutionConfigurationPlatforms) = preSolution
		Debug|Any CPU = Debug|Any CPU
		Debug|x64 = Debug|x64
		Debug|x86 = Debug|x86
		Release|Any CPU = Release|Any CPU
		Release|x64 = Release|x64
		Release|x86 = Release|x86
	EndGlobalSection
	GlobalSection(ProjectConfigurationPlatforms) = postSolution
		{5C6F8FBA-52C8-4147-8162-9AC28287C8EC}.Debug|Any CPU.ActiveCfg = Debug|x64
		{5C6F8FBA-52C8-4147-8162-9AC28287C8EC}.Debug|Any CPU.Build.0 = Debug|x64
		{5C6F8FBA-52C8-4147-8162-9AC28287C8EC}.Debug|x64.ActiveCfg = Debug|x64
		{5C6F8FBA-52C8-4147-8162-9AC28287C8EC}.Debug|x64.Build.0 = Debug|x64
		{5C6F8FBA-52C8-4147-8162-9AC28287C8EC}.Debug|x86.ActiveCfg = Debug|x64
		{5C6F8FBA-52C8-4147-8162-9AC28287C8EC}.Debug|x86.Build.0 = Debug|x64
		{5C6F8FBA-52C8-4147-8162-9AC28287C8EC}.Release|Any CPU.ActiveCfg = Release|x64
		{5C6F8FBA-52C8-4147-8162-9AC28287C8EC}.Release|Any CPU.Build.0 = Release|x64
		{5C6F8FBA-52C8-4147-8162-9AC28287C8EC}.Release|x64.ActiveCfg = Release|x64
		{5C6F8FBA-52C8-4147-8162-9AC28287C8EC}.Release|x64.Build.0 = Release|x64
		{5C6F8FBA-52C8-4147-8162-9AC28287C8EC}.Release|x86.ActiveCfg = Release|x64
		{5C6F8FBA-52C8-4147-8162-9AC28287C8EC}.Release|x86.Build.0 = Release|x64
		{EBA3EEDE-F11A-461D-BA67-C80D26CF5E83}.Debug|Any CPU.ActiveCfg = Debug|x64
		{EBA3EEDE-F11A-461D-BA67-C80D26CF5E83}.Debug|Any CPU.Build.0 = Debug|x64
		{EBA3EEDE-F11A-461D-BA67-C80D26CF5E83}.Debug|x64.ActiveCfg = Debug|x64
		{EBA3EEDE-F11A-461D-BA67-C80D26CF5E83}.Debug|x64.Build.0 = Debug|x64
		{EBA3EEDE-F11A-461D-BA67-C80D26CF5E83}.Debug|x86.ActiveCfg = Debug|x64
		{EBA3EEDE-F11A-461D-BA67-C80D26CF5E83}.Debug|x86.Build.0 = Debug|x64
		{EBA3EEDE-F11A-461D-BA67-C80D26CF5E83}.Release|Any CPU.ActiveCfg = Release|x64
		{EBA3EEDE-F11A-461D-BA67-C80D26CF5E83}.Release|Any CPU.Build.0 = Release|x64
		{EBA3EEDE-F11A-461D-BA67-C80D26CF5E83}.Release|x64.ActiveCfg = Release|x64
		{EBA3EEDE-F11A-461D-BA67-C80D26CF5E83}.Release|x64.Build.0 = Release|x64
		{EBA3EEDE-F11A-461D-BA67-C80D26CF5E83}.Release|x86.ActiveCfg = Release|x64
		{EBA3EEDE-F11A-461D-BA67-C80D26CF5E83}.Release|x86.Build.0 = Release|x64
		{E6CAD0F5-07F5-0853-B4DF-9783C7027198}.Debug|Any CPU.ActiveCfg = Debug|x64
		{E6CAD0F5-07F5-0853-B4DF-9783C7027198}.Debug|Any CPU.Build.0 = Debug|x64
		{E6CAD0F5-07F5-0853-B4DF-9783C7027198}.Debug|x64.ActiveCfg = Debug|x64
		{E6CAD0F5-07F5-0853-B4DF-9783C7027198}.Debug|x64.Build.0 = Debug|x64
		{E6CAD0F5-07F5-0853-B4DF-9783C7027198}.Debug|x86.ActiveCfg = Debug|x64
		{E6CAD0F5-07F5-0853-B4DF-9783C7027198}.Debug|x86.Build.0 = Debug|x64
		{E6CAD0F5-07F5-0853-B4DF-9783C7027198}.Release|Any CPU.ActiveCfg = Release|x64
		{E6CAD0F5-07F5-0853-B4DF-9783C7027198}.Release|Any CPU.Build.0 = Release|x64
		{E6CAD0F5-07F5-0853-B4DF-9783C7027198}.Release|x64.ActiveCfg = Release|x64
		{E6CAD0F5-07F5-0853-B4DF-9783C7027198}.Release|x64.Build.0 = Release|x64
		{E6CAD0F5-07F5-0853-B4DF-9783C7027198}.Release|x86.ActiveCfg = Release|x64
		{E6CAD0F5-07F5-0853-B4DF-9783C7027198}.Release|x86.Build.0 = Release|x64
		{A4559B99-7FCB-40EF-BF97-D293A2B7D6D3}.Debug|Any CPU.ActiveCfg = Debug|x64
		{A4559B99-7FCB-40EF-BF97-D293A2B7D6D3}.Debug|Any CPU.Build.0 = Debug|x64
		{A4559B99-7FCB-40EF-BF97-D293A2B7D6D3}.Debug|x64.ActiveCfg = Debug|x64
		{A4559B99-7FCB-40EF-BF97-D293A2B7D6D3}.Debug|x64.Build.0 = Debug|x64
		{A4559B99-7FCB-40EF-BF97-D293A2B7D6D3}.Debug|x86.ActiveCfg = Debug|x64
		{A4559B99-7FCB-40EF-BF97-D293A2B7D6D3}.Debug|x86.Build.0 = Debug|x64
		{A4559B99-7FCB-40EF-BF97-D293A2B7D6D3}.Release|Any CPU.ActiveCfg = Release|x64
		{A4559B99-7FCB-40EF-BF97-D293A2B7D6D3}.Release|Any CPU.Build.0 = Release|x64
		{A4559B99-7FCB-40EF-BF97-D293A2B7D6D3}.Release|x64.ActiveCfg = Release|x64
		{A4559B99-7FCB-40EF-BF97-D293A2B7D6D3}.Release|x64.Build.0 = Release|x64
		{A4559B99-7FCB-40EF-BF97-D293A2B7D6D3}.Release|x86.ActiveCfg = Release|x64
		{A4559B99-7FCB-40EF-BF97-D293A2B7D6D3}.Release|x86.Build.0 = Release|x64
		{2F0D1227-BE4F-4501-B3A2-66A753ED742C}.Debug|Any CPU.ActiveCfg = Debug|x64
		{2F0D1227-BE4F-4501-B3A2-66A753ED742C}.Debug|Any CPU.Build.0 = Debug|x64
		{2F0D1227-BE4F-4501-B3A2-66A753ED742C}.Debug|x64.ActiveCfg = Debug|x64
		{2F0D1227-BE4F-4501-B3A2-66A753ED742C}.Debug|x64.Build.0 = Debug|x64
		{2F0D1227-BE4F-4501-B3A2-66A753ED742C}.Debug|x86.ActiveCfg = Debug|x64
		{2F0D1227-BE4F-4501-B3A2-66A753ED742C}.Debug|x86.Build.0 = Debug|x64
		{2F0D1227-BE4F-4501-B3A2-66A753ED742C}.Release|Any CPU.ActiveCfg = Release|x64
		{2F0D1227-BE4F-4501-B3A2-66A753ED742C}.Release|Any CPU.Build.0 = Release|x64
		{2F0D1227-BE4F-4501-B3A2-66A753ED742C}.Release|x64.ActiveCfg = Release|x64
		{2F0D1227-BE4F-4501-B3A2-66A753ED742C}.Release|x64.Build.0 = Release|x64
		{2F0D1227-BE4F-4501-B3A2-66A753ED742C}.Release|x86.ActiveCfg = Release|x64
		{2F0D1227-BE4F-4501-B3A2-66A753ED742C}.Release|x86.Build.0 = Release|x64
		{7158F27F-0F57-4216-A6EA-04FA24EFDDDF}.Debug|Any CPU.ActiveCfg = Debug|x64
		{7158F27F-0F57-4216-A6EA-04FA24EFDDDF}.Debug|Any CPU.Build.0 = Debug|x64
		{7158F27F-0F57-4216-A6EA-04FA24EFDDDF}.Debug|x64.ActiveCfg = Debug|x64
		{7158F27F-0F57-4216-A6EA-04FA24EFDDDF}.Debug|x64.Build.0 = Debug|x64
		{7158F27F-0F57-4216-A6EA-04FA24EFDDDF}.Debug|x86.ActiveCfg = Debug|Win32
		{7158F27F-0F57-4216-A6EA-04FA24EFDDDF}.Debug|x86.Build.0 = Debug|Win32
		{7158F27F-0F57-4216-A6EA-04FA24EFDDDF}.Release|Any CPU.ActiveCfg = Release|x64
		{7158F27F-0F57-4216-A6EA-04FA24EFDDDF}.Release|Any CPU.Build.0 = Release|x64
		{7158F27F-0F57-4216-A6EA-04FA24EFDDDF}.Release|x64.ActiveCfg = Release|x64
		{7158F27F-0F57-4216-A6EA-04FA24EFDDDF}.Release|x64.Build.0 = Release|x64
		{7158F27F-0F57-4216-A6EA-04FA24EFDDDF}.Release|x86.ActiveCfg = Release|Win32
		{7158F27F-0F57-4216-A6EA-04FA24EFDDDF}.Release|x86.Build.0 = Release|Win32
	EndGlobalSection
	GlobalSection(SolutionProperties) = preSolution
		HideSolutionNode = FALSE
	EndGlobalSection
	GlobalSection(ExtensibilityGlobals) = postSolution
		SolutionGuid = {EB77D120-DE0C-4A9E-B6F0-A9163CFB6CD5}
	EndGlobalSection
EndGlobal
